Microsoft Visual Studio Solution File, Format Version 8.00
Project("{8BC9CEB8-8B4A-11D0-8D11-00A0C91BC942}") = "osgART", "./osgART.vcproj", "{B3FEBFD4-8969-4749-8AD2-2FA5CC16C7A0}"
	ProjectSection(ProjectDependencies) = postProject
	EndProjectSection
EndProject
Project("{8BC9CEB8-8B4A-11D0-8D11-00A0C91BC942}") = "osgWrapper osgART", "./osgWrapper osgART.vcproj", "{5ABED95C-5A46-1C40-BF2A-6B28BE5D5CB0}"
	ProjectSection(ProjectDependencies) = postProject
		{B3FEBFD4-8969-4749-8AD2-2FA5CC16C7A0} = {B3FEBFD4-8969-4749-8AD2-2FA5CC16C7A0}
	EndProjectSection
EndProject
Project("{8BC9CEB8-8B4A-11D0-8D11-00A0C91BC942}") = "Example Simple", "./Example Simple.vcproj", "{1FBE4B88-914D-6E4B-8220-DF19943790B0}"
	ProjectSection(ProjectDependencies) = postProject
		{B3FEBFD4-8969-4749-8AD2-2FA5CC16C7A0} = {B3FEBFD4-8969-4749-8AD2-2FA5CC16C7A0}
	EndProjectSection
EndProject
Project("{8BC9CEB8-8B4A-11D0-8D11-00A0C91BC942}") = "Plugin ARToolKit Tracker", "./Plugin ARToolKit Tracker.vcproj", "{3CC64CDC-6106-A143-8B73-7B4E07220840}"
	ProjectSection(ProjectDependencies) = postProject
		{B3FEBFD4-8969-4749-8AD2-2FA5CC16C7A0} = {B3FEBFD4-8969-4749-8AD2-2FA5CC16C7A0}
	EndProjectSection
EndProject
Project("{8BC9CEB8-8B4A-11D0-8D11-00A0C91BC942}") = "Plugin ARToolKit 4 Professional Tracker", "./Plugin ARToolKit 4 Professional Tracker.vcproj", "{5B9E528C-16A2-C847-AE5D-6A2BB706CD95}"
	ProjectSection(ProjectDependencies) = postProject
		{B3FEBFD4-8969-4749-8AD2-2FA5CC16C7A0} = {B3FEBFD4-8969-4749-8AD2-2FA5CC16C7A0}
	EndProjectSection
EndProject
Project("{8BC9CEB8-8B4A-11D0-8D11-00A0C91BC942}") = "Plugin ARToolKit Plus Tracker", "./Plugin ARToolKit Plus Tracker.vcproj", "{B5DE69F2-A181-174B-96B1-4512A1208478}"
	ProjectSection(ProjectDependencies) = postProject
		{B3FEBFD4-8969-4749-8AD2-2FA5CC16C7A0} = {B3FEBFD4-8969-4749-8AD2-2FA5CC16C7A0}
	EndProjectSection
EndProject
Project("{8BC9CEB8-8B4A-11D0-8D11-00A0C91BC942}") = "Plugin ARToolKit 4 NFT Tracker", "./Plugin ARToolKit 4 NFT Tracker.vcproj", "{B20A676B-CCE8-F44F-BF6F-9327B0BD9B9F}"
	ProjectSection(ProjectDependencies) = postProject
		{B3FEBFD4-8969-4749-8AD2-2FA5CC16C7A0} = {B3FEBFD4-8969-4749-8AD2-2FA5CC16C7A0}
	EndProjectSection
EndProject
Project("{8BC9CEB8-8B4A-11D0-8D11-00A0C91BC942}") = "Plugin PointGrey Video", "./Plugin PointGrey Video.vcproj", "{C6B07C8A-837D-3B47-971A-0FABDDD2D96D}"
	ProjectSection(ProjectDependencies) = postProject
		{B3FEBFD4-8969-4749-8AD2-2FA5CC16C7A0} = {B3FEBFD4-8969-4749-8AD2-2FA5CC16C7A0}
	EndProjectSection
EndProject
Project("{8BC9CEB8-8B4A-11D0-8D11-00A0C91BC942}") = "Plugin Intranel RTSP Video", "./Plugin Intranel RTSP Video.vcproj", "{DA0FA253-B3FC-984D-A80D-5F0EDE2111B8}"
	ProjectSection(ProjectDependencies) = postProject
		{B3FEBFD4-8969-4749-8AD2-2FA5CC16C7A0} = {B3FEBFD4-8969-4749-8AD2-2FA5CC16C7A0}
	EndProjectSection
EndProject
Project("{8BC9CEB8-8B4A-11D0-8D11-00A0C91BC942}") = "Plugin DSVL Video", "./Plugin DSVL Video.vcproj", "{EBA07C6E-562D-D744-933F-71EC39AC2ADC}"
	ProjectSection(ProjectDependencies) = postProject
		{B3FEBFD4-8969-4749-8AD2-2FA5CC16C7A0} = {B3FEBFD4-8969-4749-8AD2-2FA5CC16C7A0}
	EndProjectSection
EndProject
Project("{8BC9CEB8-8B4A-11D0-8D11-00A0C91BC942}") = "Plugin ARToolKit Video", "./Plugin ARToolKit Video.vcproj", "{EAC2AE85-AC98-554B-93DA-CFFC359C9104}"
	ProjectSection(ProjectDependencies) = postProject
		{B3FEBFD4-8969-4749-8AD2-2FA5CC16C7A0} = {B3FEBFD4-8969-4749-8AD2-2FA5CC16C7A0}
	EndProjectSection
EndProject
Global
	GlobalSection(SolutionConfiguration) = preSolution
		Debug = Debug
		ReleaseWithSymbols = ReleaseWithSymbols
		Release = Release
	EndGlobalSection
	GlobalSection(ProjectConfiguration) = postSolution
		{B3FEBFD4-8969-4749-8AD2-2FA5CC16C7A0}.Debug.ActiveCfg = Debug|Win32
		{B3FEBFD4-8969-4749-8AD2-2FA5CC16C7A0}.Debug.Build.0 = Debug|Win32
		{B3FEBFD4-8969-4749-8AD2-2FA5CC16C7A0}.ReleaseWithSymbols.ActiveCfg = ReleaseWithSymbols|Win32
		{B3FEBFD4-8969-4749-8AD2-2FA5CC16C7A0}.ReleaseWithSymbols.Build.0 = ReleaseWithSymbols|Win32
		{B3FEBFD4-8969-4749-8AD2-2FA5CC16C7A0}.Release.ActiveCfg = Release|Win32
		{B3FEBFD4-8969-4749-8AD2-2FA5CC16C7A0}.Release.Build.0 = Release|Win32
		{5ABED95C-5A46-1C40-BF2A-6B28BE5D5CB0}.Debug.ActiveCfg = Debug|Win32
		{5ABED95C-5A46-1C40-BF2A-6B28BE5D5CB0}.Debug.Build.0 = Debug|Win32
		{5ABED95C-5A46-1C40-BF2A-6B28BE5D5CB0}.ReleaseWithSymbols.ActiveCfg = ReleaseWithSymbols|Win32
		{5ABED95C-5A46-1C40-BF2A-6B28BE5D5CB0}.ReleaseWithSymbols.Build.0 = ReleaseWithSymbols|Win32
		{5ABED95C-5A46-1C40-BF2A-6B28BE5D5CB0}.Release.ActiveCfg = Release|Win32
		{5ABED95C-5A46-1C40-BF2A-6B28BE5D5CB0}.Release.Build.0 = Release|Win32
		{1FBE4B88-914D-6E4B-8220-DF19943790B0}.Debug.ActiveCfg = Debug|Win32
		{1FBE4B88-914D-6E4B-8220-DF19943790B0}.Debug.Build.0 = Debug|Win32
		{1FBE4B88-914D-6E4B-8220-DF19943790B0}.ReleaseWithSymbols.ActiveCfg = ReleaseWithSymbols|Win32
		{1FBE4B88-914D-6E4B-8220-DF19943790B0}.ReleaseWithSymbols.Build.0 = ReleaseWithSymbols|Win32
		{1FBE4B88-914D-6E4B-8220-DF19943790B0}.Release.ActiveCfg = Release|Win32
		{1FBE4B88-914D-6E4B-8220-DF19943790B0}.Release.Build.0 = Release|Win32
		{3CC64CDC-6106-A143-8B73-7B4E07220840}.Debug.ActiveCfg = Debug|Win32
		{3CC64CDC-6106-A143-8B73-7B4E07220840}.Debug.Build.0 = Debug|Win32
		{3CC64CDC-6106-A143-8B73-7B4E07220840}.ReleaseWithSymbols.ActiveCfg = ReleaseWithSymbols|Win32
		{3CC64CDC-6106-A143-8B73-7B4E07220840}.ReleaseWithSymbols.Build.0 = ReleaseWithSymbols|Win32
		{3CC64CDC-6106-A143-8B73-7B4E07220840}.Release.ActiveCfg = Release|Win32
		{3CC64CDC-6106-A143-8B73-7B4E07220840}.Release.Build.0 = Release|Win32
		{5B9E528C-16A2-C847-AE5D-6A2BB706CD95}.Debug.ActiveCfg = Debug|Win32
		{5B9E528C-16A2-C847-AE5D-6A2BB706CD95}.Debug.Build.0 = Debug|Win32
		{5B9E528C-16A2-C847-AE5D-6A2BB706CD95}.ReleaseWithSymbols.ActiveCfg = ReleaseWithSymbols|Win32
		{5B9E528C-16A2-C847-AE5D-6A2BB706CD95}.ReleaseWithSymbols.Build.0 = ReleaseWithSymbols|Win32
		{5B9E528C-16A2-C847-AE5D-6A2BB706CD95}.Release.ActiveCfg = Release|Win32
		{5B9E528C-16A2-C847-AE5D-6A2BB706CD95}.Release.Build.0 = Release|Win32
		{B5DE69F2-A181-174B-96B1-4512A1208478}.Debug.ActiveCfg = Debug|Win32
		{B5DE69F2-A181-174B-96B1-4512A1208478}.Debug.Build.0 = Debug|Win32
		{B5DE69F2-A181-174B-96B1-4512A1208478}.ReleaseWithSymbols.ActiveCfg = ReleaseWithSymbols|Win32
		{B5DE69F2-A181-174B-96B1-4512A1208478}.ReleaseWithSymbols.Build.0 = ReleaseWithSymbols|Win32
		{B5DE69F2-A181-174B-96B1-4512A1208478}.Release.ActiveCfg = Release|Win32
		{B5DE69F2-A181-174B-96B1-4512A1208478}.Release.Build.0 = Release|Win32
		{B20A676B-CCE8-F44F-BF6F-9327B0BD9B9F}.Debug.ActiveCfg = Debug|Win32
		{B20A676B-CCE8-F44F-BF6F-9327B0BD9B9F}.Debug.Build.0 = Debug|Win32
		{B20A676B-CCE8-F44F-BF6F-9327B0BD9B9F}.ReleaseWithSymbols.ActiveCfg = ReleaseWithSymbols|Win32
		{B20A676B-CCE8-F44F-BF6F-9327B0BD9B9F}.ReleaseWithSymbols.Build.0 = ReleaseWithSymbols|Win32
		{B20A676B-CCE8-F44F-BF6F-9327B0BD9B9F}.Release.ActiveCfg = Release|Win32
		{B20A676B-CCE8-F44F-BF6F-9327B0BD9B9F}.Release.Build.0 = Release|Win32
		{C6B07C8A-837D-3B47-971A-0FABDDD2D96D}.Debug.ActiveCfg = Debug|Win32
		{C6B07C8A-837D-3B47-971A-0FABDDD2D96D}.Debug.Build.0 = Debug|Win32
		{C6B07C8A-837D-3B47-971A-0FABDDD2D96D}.ReleaseWithSymbols.ActiveCfg = ReleaseWithSymbols|Win32
		{C6B07C8A-837D-3B47-971A-0FABDDD2D96D}.ReleaseWithSymbols.Build.0 = ReleaseWithSymbols|Win32
		{C6B07C8A-837D-3B47-971A-0FABDDD2D96D}.Release.ActiveCfg = Release|Win32
		{C6B07C8A-837D-3B47-971A-0FABDDD2D96D}.Release.Build.0 = Release|Win32
		{DA0FA253-B3FC-984D-A80D-5F0EDE2111B8}.Debug.ActiveCfg = Debug|Win32
		{DA0FA253-B3FC-984D-A80D-5F0EDE2111B8}.Debug.Build.0 = Debug|Win32
		{DA0FA253-B3FC-984D-A80D-5F0EDE2111B8}.ReleaseWithSymbols.ActiveCfg = ReleaseWithSymbols|Win32
		{DA0FA253-B3FC-984D-A80D-5F0EDE2111B8}.ReleaseWithSymbols.Build.0 = ReleaseWithSymbols|Win32
		{DA0FA253-B3FC-984D-A80D-5F0EDE2111B8}.Release.ActiveCfg = Release|Win32
		{DA0FA253-B3FC-984D-A80D-5F0EDE2111B8}.Release.Build.0 = Release|Win32
		{EBA07C6E-562D-D744-933F-71EC39AC2ADC}.Debug.ActiveCfg = Debug|Win32
		{EBA07C6E-562D-D744-933F-71EC39AC2ADC}.Debug.Build.0 = Debug|Win32
		{EBA07C6E-562D-D744-933F-71EC39AC2ADC}.ReleaseWithSymbols.ActiveCfg = ReleaseWithSymbols|Win32
		{EBA07C6E-562D-D744-933F-71EC39AC2ADC}.ReleaseWithSymbols.Build.0 = ReleaseWithSymbols|Win32
		{EBA07C6E-562D-D744-933F-71EC39AC2ADC}.Release.ActiveCfg = Release|Win32
		{EBA07C6E-562D-D744-933F-71EC39AC2ADC}.Release.Build.0 = Release|Win32
		{EAC2AE85-AC98-554B-93DA-CFFC359C9104}.Debug.ActiveCfg = Debug|Win32
		{EAC2AE85-AC98-554B-93DA-CFFC359C9104}.Debug.Build.0 = Debug|Win32
		{EAC2AE85-AC98-554B-93DA-CFFC359C9104}.ReleaseWithSymbols.ActiveCfg = ReleaseWithSymbols|Win32
		{EAC2AE85-AC98-554B-93DA-CFFC359C9104}.ReleaseWithSymbols.Build.0 = ReleaseWithSymbols|Win32
		{EAC2AE85-AC98-554B-93DA-CFFC359C9104}.Release.ActiveCfg = Release|Win32
		{EAC2AE85-AC98-554B-93DA-CFFC359C9104}.Release.Build.0 = Release|Win32
	EndGlobalSection
	GlobalSection(ExtensibilityGlobals) = postSolution
	EndGlobalSection
	GlobalSection(ExtensibilityAddIns) = postSolution
	EndGlobalSection
EndGlobal
