Microsoft Visual Studio Solution File, Format Version 8.00
Project("{8BC9CEB8-8B4A-11D0-8D11-00A0C91BC942}") = "osgART", "./osgART.vcproj", "{7E6B41C7-7398-6848-A2BD-47FB2334DA6A}"
	ProjectSection(ProjectDependencies) = postProject
	EndProjectSection
EndProject
Project("{8BC9CEB8-8B4A-11D0-8D11-00A0C91BC942}") = "osgWrapper osgART", "./osgWrapper osgART.vcproj", "{DD6BDAE5-9426-5D46-9955-AEC1D839C51C}"
	ProjectSection(ProjectDependencies) = postProject
		{7E6B41C7-7398-6848-A2BD-47FB2334DA6A} = {7E6B41C7-7398-6848-A2BD-47FB2334DA6A}
	EndProjectSection
EndProject
Project("{8BC9CEB8-8B4A-11D0-8D11-00A0C91BC942}") = "NodeKit osgART", "./NodeKit osgART.vcproj", "{682A108A-2195-2A42-8D92-1A5FECEFE070}"
	ProjectSection(ProjectDependencies) = postProject
		{7E6B41C7-7398-6848-A2BD-47FB2334DA6A} = {7E6B41C7-7398-6848-A2BD-47FB2334DA6A}
	EndProjectSection
EndProject
Project("{8BC9CEB8-8B4A-11D0-8D11-00A0C91BC942}") = "Example Simple", "./Example Simple.vcproj", "{144ABEA6-3E99-664F-89DA-AF6F007C9893}"
	ProjectSection(ProjectDependencies) = postProject
		{7E6B41C7-7398-6848-A2BD-47FB2334DA6A} = {7E6B41C7-7398-6848-A2BD-47FB2334DA6A}
	EndProjectSection
EndProject
Project("{8BC9CEB8-8B4A-11D0-8D11-00A0C91BC942}") = "Plugin ARToolKit Tracker", "./Plugin ARToolKit Tracker.vcproj", "{17A6DBDE-2737-6B41-BACC-A0A2BEE146E0}"
	ProjectSection(ProjectDependencies) = postProject
		{7E6B41C7-7398-6848-A2BD-47FB2334DA6A} = {7E6B41C7-7398-6848-A2BD-47FB2334DA6A}
	EndProjectSection
EndProject
Project("{8BC9CEB8-8B4A-11D0-8D11-00A0C91BC942}") = "Plugin ARToolKit 4 Professional Tracker", "./Plugin ARToolKit 4 Professional Tracker.vcproj", "{82DD141F-7FE1-1740-9063-9B48E6780611}"
	ProjectSection(ProjectDependencies) = postProject
		{7E6B41C7-7398-6848-A2BD-47FB2334DA6A} = {7E6B41C7-7398-6848-A2BD-47FB2334DA6A}
	EndProjectSection
EndProject
Project("{8BC9CEB8-8B4A-11D0-8D11-00A0C91BC942}") = "Plugin ARToolKit Plus Tracker", "./Plugin ARToolKit Plus Tracker.vcproj", "{E6E468DB-00B9-2746-93F1-D73663DFF5FD}"
	ProjectSection(ProjectDependencies) = postProject
		{7E6B41C7-7398-6848-A2BD-47FB2334DA6A} = {7E6B41C7-7398-6848-A2BD-47FB2334DA6A}
	EndProjectSection
EndProject
Project("{8BC9CEB8-8B4A-11D0-8D11-00A0C91BC942}") = "Plugin ARToolKit 4 NFT Tracker", "./Plugin ARToolKit 4 NFT Tracker.vcproj", "{BBB8D5AA-55A6-C447-95D8-D7A3FE882BFE}"
	ProjectSection(ProjectDependencies) = postProject
		{7E6B41C7-7398-6848-A2BD-47FB2334DA6A} = {7E6B41C7-7398-6848-A2BD-47FB2334DA6A}
	EndProjectSection
EndProject
Project("{8BC9CEB8-8B4A-11D0-8D11-00A0C91BC942}") = "Plugin PointGrey Video", "./Plugin PointGrey Video.vcproj", "{9B7FCE8F-11BF-3042-8BA6-16344BD06A95}"
	ProjectSection(ProjectDependencies) = postProject
		{7E6B41C7-7398-6848-A2BD-47FB2334DA6A} = {7E6B41C7-7398-6848-A2BD-47FB2334DA6A}
	EndProjectSection
EndProject
Project("{8BC9CEB8-8B4A-11D0-8D11-00A0C91BC942}") = "Plugin Intranel RTSP Video", "./Plugin Intranel RTSP Video.vcproj", "{58982132-4FE1-5045-B388-9968244057EE}"
	ProjectSection(ProjectDependencies) = postProject
		{7E6B41C7-7398-6848-A2BD-47FB2334DA6A} = {7E6B41C7-7398-6848-A2BD-47FB2334DA6A}
	EndProjectSection
EndProject
Project("{8BC9CEB8-8B4A-11D0-8D11-00A0C91BC942}") = "Plugin DSVL Video", "./Plugin DSVL Video.vcproj", "{C8F34BCC-B1F8-EB47-B6B8-A9B72E82AEF9}"
	ProjectSection(ProjectDependencies) = postProject
		{7E6B41C7-7398-6848-A2BD-47FB2334DA6A} = {7E6B41C7-7398-6848-A2BD-47FB2334DA6A}
	EndProjectSection
EndProject
Project("{8BC9CEB8-8B4A-11D0-8D11-00A0C91BC942}") = "Plugin DSVL2 Video", "./Plugin DSVL2 Video.vcproj", "{4FBAC54E-6070-E145-89EB-9BBACF0AC0A5}"
	ProjectSection(ProjectDependencies) = postProject
		{7E6B41C7-7398-6848-A2BD-47FB2334DA6A} = {7E6B41C7-7398-6848-A2BD-47FB2334DA6A}
	EndProjectSection
EndProject
Project("{8BC9CEB8-8B4A-11D0-8D11-00A0C91BC942}") = "Plugin ARToolKit Video", "./Plugin ARToolKit Video.vcproj", "{810A265A-6647-CB41-BBD8-56E19DE04C3F}"
	ProjectSection(ProjectDependencies) = postProject
		{7E6B41C7-7398-6848-A2BD-47FB2334DA6A} = {7E6B41C7-7398-6848-A2BD-47FB2334DA6A}
	EndProjectSection
EndProject
Global
	GlobalSection(SolutionConfiguration) = preSolution
		Debug = Debug
		Release = Release
	EndGlobalSection
	GlobalSection(ProjectConfiguration) = postSolution
		{7E6B41C7-7398-6848-A2BD-47FB2334DA6A}.Debug.ActiveCfg = Debug|Win32
		{7E6B41C7-7398-6848-A2BD-47FB2334DA6A}.Debug.Build.0 = Debug|Win32
		{7E6B41C7-7398-6848-A2BD-47FB2334DA6A}.Release.ActiveCfg = Release|Win32
		{7E6B41C7-7398-6848-A2BD-47FB2334DA6A}.Release.Build.0 = Release|Win32
		{DD6BDAE5-9426-5D46-9955-AEC1D839C51C}.Debug.ActiveCfg = Debug|Win32
		{DD6BDAE5-9426-5D46-9955-AEC1D839C51C}.Debug.Build.0 = Debug|Win32
		{DD6BDAE5-9426-5D46-9955-AEC1D839C51C}.Release.ActiveCfg = Release|Win32
		{DD6BDAE5-9426-5D46-9955-AEC1D839C51C}.Release.Build.0 = Release|Win32
		{682A108A-2195-2A42-8D92-1A5FECEFE070}.Debug.ActiveCfg = Debug|Win32
		{682A108A-2195-2A42-8D92-1A5FECEFE070}.Debug.Build.0 = Debug|Win32
		{682A108A-2195-2A42-8D92-1A5FECEFE070}.Release.ActiveCfg = Release|Win32
		{682A108A-2195-2A42-8D92-1A5FECEFE070}.Release.Build.0 = Release|Win32
		{144ABEA6-3E99-664F-89DA-AF6F007C9893}.Debug.ActiveCfg = Debug|Win32
		{144ABEA6-3E99-664F-89DA-AF6F007C9893}.Debug.Build.0 = Debug|Win32
		{144ABEA6-3E99-664F-89DA-AF6F007C9893}.Release.ActiveCfg = Release|Win32
		{144ABEA6-3E99-664F-89DA-AF6F007C9893}.Release.Build.0 = Release|Win32
		{17A6DBDE-2737-6B41-BACC-A0A2BEE146E0}.Debug.ActiveCfg = Debug|Win32
		{17A6DBDE-2737-6B41-BACC-A0A2BEE146E0}.Debug.Build.0 = Debug|Win32
		{17A6DBDE-2737-6B41-BACC-A0A2BEE146E0}.Release.ActiveCfg = Release|Win32
		{17A6DBDE-2737-6B41-BACC-A0A2BEE146E0}.Release.Build.0 = Release|Win32
		{82DD141F-7FE1-1740-9063-9B48E6780611}.Debug.ActiveCfg = Debug|Win32
		{82DD141F-7FE1-1740-9063-9B48E6780611}.Debug.Build.0 = Debug|Win32
		{82DD141F-7FE1-1740-9063-9B48E6780611}.Release.ActiveCfg = Release|Win32
		{82DD141F-7FE1-1740-9063-9B48E6780611}.Release.Build.0 = Release|Win32
		{E6E468DB-00B9-2746-93F1-D73663DFF5FD}.Debug.ActiveCfg = Debug|Win32
		{E6E468DB-00B9-2746-93F1-D73663DFF5FD}.Debug.Build.0 = Debug|Win32
		{E6E468DB-00B9-2746-93F1-D73663DFF5FD}.Release.ActiveCfg = Release|Win32
		{E6E468DB-00B9-2746-93F1-D73663DFF5FD}.Release.Build.0 = Release|Win32
		{BBB8D5AA-55A6-C447-95D8-D7A3FE882BFE}.Debug.ActiveCfg = Debug|Win32
		{BBB8D5AA-55A6-C447-95D8-D7A3FE882BFE}.Debug.Build.0 = Debug|Win32
		{BBB8D5AA-55A6-C447-95D8-D7A3FE882BFE}.Release.ActiveCfg = Release|Win32
		{BBB8D5AA-55A6-C447-95D8-D7A3FE882BFE}.Release.Build.0 = Release|Win32
		{9B7FCE8F-11BF-3042-8BA6-16344BD06A95}.Debug.ActiveCfg = Debug|Win32
		{9B7FCE8F-11BF-3042-8BA6-16344BD06A95}.Debug.Build.0 = Debug|Win32
		{9B7FCE8F-11BF-3042-8BA6-16344BD06A95}.Release.ActiveCfg = Release|Win32
		{9B7FCE8F-11BF-3042-8BA6-16344BD06A95}.Release.Build.0 = Release|Win32
		{58982132-4FE1-5045-B388-9968244057EE}.Debug.ActiveCfg = Debug|Win32
		{58982132-4FE1-5045-B388-9968244057EE}.Debug.Build.0 = Debug|Win32
		{58982132-4FE1-5045-B388-9968244057EE}.Release.ActiveCfg = Release|Win32
		{58982132-4FE1-5045-B388-9968244057EE}.Release.Build.0 = Release|Win32
		{C8F34BCC-B1F8-EB47-B6B8-A9B72E82AEF9}.Debug.ActiveCfg = Debug|Win32
		{C8F34BCC-B1F8-EB47-B6B8-A9B72E82AEF9}.Debug.Build.0 = Debug|Win32
		{C8F34BCC-B1F8-EB47-B6B8-A9B72E82AEF9}.Release.ActiveCfg = Release|Win32
		{C8F34BCC-B1F8-EB47-B6B8-A9B72E82AEF9}.Release.Build.0 = Release|Win32
		{4FBAC54E-6070-E145-89EB-9BBACF0AC0A5}.Debug.ActiveCfg = Debug|Win32
		{4FBAC54E-6070-E145-89EB-9BBACF0AC0A5}.Debug.Build.0 = Debug|Win32
		{4FBAC54E-6070-E145-89EB-9BBACF0AC0A5}.Release.ActiveCfg = Release|Win32
		{4FBAC54E-6070-E145-89EB-9BBACF0AC0A5}.Release.Build.0 = Release|Win32
		{810A265A-6647-CB41-BBD8-56E19DE04C3F}.Debug.ActiveCfg = Debug|Win32
		{810A265A-6647-CB41-BBD8-56E19DE04C3F}.Debug.Build.0 = Debug|Win32
		{810A265A-6647-CB41-BBD8-56E19DE04C3F}.Release.ActiveCfg = Release|Win32
		{810A265A-6647-CB41-BBD8-56E19DE04C3F}.Release.Build.0 = Release|Win32
	EndGlobalSection
	GlobalSection(ExtensibilityGlobals) = postSolution
	EndGlobalSection
	GlobalSection(ExtensibilityAddIns) = postSolution
	EndGlobalSection
EndGlobal
