Microsoft Visual Studio Solution File, Format Version 8.00
Project("{8BC9CEB8-8B4A-11D0-8D11-00A0C91BC942}") = "osgART", "./osgART.vcproj", "{9F0C5F74-4854-4945-AB38-9C40E6B8B613}"
	ProjectSection(ProjectDependencies) = postProject
	EndProjectSection
EndProject
Project("{8BC9CEB8-8B4A-11D0-8D11-00A0C91BC942}") = "osgWrapper osgART", "./osgWrapper osgART.vcproj", "{9093178A-A58B-904A-B3E0-71CB5D63B8BF}"
	ProjectSection(ProjectDependencies) = postProject
		{9F0C5F74-4854-4945-AB38-9C40E6B8B613} = {9F0C5F74-4854-4945-AB38-9C40E6B8B613}
	EndProjectSection
EndProject
Project("{8BC9CEB8-8B4A-11D0-8D11-00A0C91BC942}") = "Example Simple", "./Example Simple.vcproj", "{A3D14AD6-C57A-4D43-9742-CD487A894EF2}"
	ProjectSection(ProjectDependencies) = postProject
		{9F0C5F74-4854-4945-AB38-9C40E6B8B613} = {9F0C5F74-4854-4945-AB38-9C40E6B8B613}
	EndProjectSection
EndProject
Project("{8BC9CEB8-8B4A-11D0-8D11-00A0C91BC942}") = "Plugin ARToolKit Tracker", "./Plugin ARToolKit Tracker.vcproj", "{2CCF67EC-8B36-2B4B-8ECE-B6FA8AEF2D81}"
	ProjectSection(ProjectDependencies) = postProject
		{9F0C5F74-4854-4945-AB38-9C40E6B8B613} = {9F0C5F74-4854-4945-AB38-9C40E6B8B613}
	EndProjectSection
EndProject
Project("{8BC9CEB8-8B4A-11D0-8D11-00A0C91BC942}") = "Plugin ARToolKit 4 Professional Tracker", "./Plugin ARToolKit 4 Professional Tracker.vcproj", "{F918E442-B2A9-0149-A40C-896AB232A260}"
	ProjectSection(ProjectDependencies) = postProject
		{9F0C5F74-4854-4945-AB38-9C40E6B8B613} = {9F0C5F74-4854-4945-AB38-9C40E6B8B613}
	EndProjectSection
EndProject
Project("{8BC9CEB8-8B4A-11D0-8D11-00A0C91BC942}") = "Plugin ARToolKit 4 NFT Tracker", "./Plugin ARToolKit 4 NFT Tracker.vcproj", "{A68862C0-E59B-C248-ABBE-F9086FAE7B4F}"
	ProjectSection(ProjectDependencies) = postProject
		{9F0C5F74-4854-4945-AB38-9C40E6B8B613} = {9F0C5F74-4854-4945-AB38-9C40E6B8B613}
	EndProjectSection
EndProject
Project("{8BC9CEB8-8B4A-11D0-8D11-00A0C91BC942}") = "Plugin PointGrey Video", "./Plugin PointGrey Video.vcproj", "{E30A4FBD-5E7A-BE47-94D2-40B672C82EB1}"
	ProjectSection(ProjectDependencies) = postProject
		{9F0C5F74-4854-4945-AB38-9C40E6B8B613} = {9F0C5F74-4854-4945-AB38-9C40E6B8B613}
	EndProjectSection
EndProject
Project("{8BC9CEB8-8B4A-11D0-8D11-00A0C91BC942}") = "Plugin Intranel RTSP Video", "./Plugin Intranel RTSP Video.vcproj", "{26C8289B-EB69-1647-A845-8B7AFF2AA124}"
	ProjectSection(ProjectDependencies) = postProject
		{9F0C5F74-4854-4945-AB38-9C40E6B8B613} = {9F0C5F74-4854-4945-AB38-9C40E6B8B613}
	EndProjectSection
EndProject
Project("{8BC9CEB8-8B4A-11D0-8D11-00A0C91BC942}") = "Plugin ARToolKit Video", "./Plugin ARToolKit Video.vcproj", "{E856F8E3-C480-B443-9EAB-8DD1DEA1414E}"
	ProjectSection(ProjectDependencies) = postProject
		{9F0C5F74-4854-4945-AB38-9C40E6B8B613} = {9F0C5F74-4854-4945-AB38-9C40E6B8B613}
	EndProjectSection
EndProject
Global
	GlobalSection(SolutionConfiguration) = preSolution
		Debug = Debug
		ReleaseWithSymbols = ReleaseWithSymbols
		Release = Release
	EndGlobalSection
	GlobalSection(ProjectConfiguration) = postSolution
		{9F0C5F74-4854-4945-AB38-9C40E6B8B613}.Debug.ActiveCfg = Debug|Win32
		{9F0C5F74-4854-4945-AB38-9C40E6B8B613}.Debug.Build.0 = Debug|Win32
		{9F0C5F74-4854-4945-AB38-9C40E6B8B613}.ReleaseWithSymbols.ActiveCfg = ReleaseWithSymbols|Win32
		{9F0C5F74-4854-4945-AB38-9C40E6B8B613}.ReleaseWithSymbols.Build.0 = ReleaseWithSymbols|Win32
		{9F0C5F74-4854-4945-AB38-9C40E6B8B613}.Release.ActiveCfg = Release|Win32
		{9F0C5F74-4854-4945-AB38-9C40E6B8B613}.Release.Build.0 = Release|Win32
		{9093178A-A58B-904A-B3E0-71CB5D63B8BF}.Debug.ActiveCfg = Debug|Win32
		{9093178A-A58B-904A-B3E0-71CB5D63B8BF}.Debug.Build.0 = Debug|Win32
		{9093178A-A58B-904A-B3E0-71CB5D63B8BF}.ReleaseWithSymbols.ActiveCfg = ReleaseWithSymbols|Win32
		{9093178A-A58B-904A-B3E0-71CB5D63B8BF}.ReleaseWithSymbols.Build.0 = ReleaseWithSymbols|Win32
		{9093178A-A58B-904A-B3E0-71CB5D63B8BF}.Release.ActiveCfg = Release|Win32
		{9093178A-A58B-904A-B3E0-71CB5D63B8BF}.Release.Build.0 = Release|Win32
		{A3D14AD6-C57A-4D43-9742-CD487A894EF2}.Debug.ActiveCfg = Debug|Win32
		{A3D14AD6-C57A-4D43-9742-CD487A894EF2}.Debug.Build.0 = Debug|Win32
		{A3D14AD6-C57A-4D43-9742-CD487A894EF2}.ReleaseWithSymbols.ActiveCfg = ReleaseWithSymbols|Win32
		{A3D14AD6-C57A-4D43-9742-CD487A894EF2}.ReleaseWithSymbols.Build.0 = ReleaseWithSymbols|Win32
		{A3D14AD6-C57A-4D43-9742-CD487A894EF2}.Release.ActiveCfg = Release|Win32
		{A3D14AD6-C57A-4D43-9742-CD487A894EF2}.Release.Build.0 = Release|Win32
		{2CCF67EC-8B36-2B4B-8ECE-B6FA8AEF2D81}.Debug.ActiveCfg = Debug|Win32
		{2CCF67EC-8B36-2B4B-8ECE-B6FA8AEF2D81}.Debug.Build.0 = Debug|Win32
		{2CCF67EC-8B36-2B4B-8ECE-B6FA8AEF2D81}.ReleaseWithSymbols.ActiveCfg = ReleaseWithSymbols|Win32
		{2CCF67EC-8B36-2B4B-8ECE-B6FA8AEF2D81}.ReleaseWithSymbols.Build.0 = ReleaseWithSymbols|Win32
		{2CCF67EC-8B36-2B4B-8ECE-B6FA8AEF2D81}.Release.ActiveCfg = Release|Win32
		{2CCF67EC-8B36-2B4B-8ECE-B6FA8AEF2D81}.Release.Build.0 = Release|Win32
		{F918E442-B2A9-0149-A40C-896AB232A260}.Debug.ActiveCfg = Debug|Win32
		{F918E442-B2A9-0149-A40C-896AB232A260}.Debug.Build.0 = Debug|Win32
		{F918E442-B2A9-0149-A40C-896AB232A260}.ReleaseWithSymbols.ActiveCfg = ReleaseWithSymbols|Win32
		{F918E442-B2A9-0149-A40C-896AB232A260}.ReleaseWithSymbols.Build.0 = ReleaseWithSymbols|Win32
		{F918E442-B2A9-0149-A40C-896AB232A260}.Release.ActiveCfg = Release|Win32
		{F918E442-B2A9-0149-A40C-896AB232A260}.Release.Build.0 = Release|Win32
		{A68862C0-E59B-C248-ABBE-F9086FAE7B4F}.Debug.ActiveCfg = Debug|Win32
		{A68862C0-E59B-C248-ABBE-F9086FAE7B4F}.Debug.Build.0 = Debug|Win32
		{A68862C0-E59B-C248-ABBE-F9086FAE7B4F}.ReleaseWithSymbols.ActiveCfg = ReleaseWithSymbols|Win32
		{A68862C0-E59B-C248-ABBE-F9086FAE7B4F}.ReleaseWithSymbols.Build.0 = ReleaseWithSymbols|Win32
		{A68862C0-E59B-C248-ABBE-F9086FAE7B4F}.Release.ActiveCfg = Release|Win32
		{A68862C0-E59B-C248-ABBE-F9086FAE7B4F}.Release.Build.0 = Release|Win32
		{E30A4FBD-5E7A-BE47-94D2-40B672C82EB1}.Debug.ActiveCfg = Debug|Win32
		{E30A4FBD-5E7A-BE47-94D2-40B672C82EB1}.Debug.Build.0 = Debug|Win32
		{E30A4FBD-5E7A-BE47-94D2-40B672C82EB1}.ReleaseWithSymbols.ActiveCfg = ReleaseWithSymbols|Win32
		{E30A4FBD-5E7A-BE47-94D2-40B672C82EB1}.ReleaseWithSymbols.Build.0 = ReleaseWithSymbols|Win32
		{E30A4FBD-5E7A-BE47-94D2-40B672C82EB1}.Release.ActiveCfg = Release|Win32
		{E30A4FBD-5E7A-BE47-94D2-40B672C82EB1}.Release.Build.0 = Release|Win32
		{26C8289B-EB69-1647-A845-8B7AFF2AA124}.Debug.ActiveCfg = Debug|Win32
		{26C8289B-EB69-1647-A845-8B7AFF2AA124}.Debug.Build.0 = Debug|Win32
		{26C8289B-EB69-1647-A845-8B7AFF2AA124}.ReleaseWithSymbols.ActiveCfg = ReleaseWithSymbols|Win32
		{26C8289B-EB69-1647-A845-8B7AFF2AA124}.ReleaseWithSymbols.Build.0 = ReleaseWithSymbols|Win32
		{26C8289B-EB69-1647-A845-8B7AFF2AA124}.Release.ActiveCfg = Release|Win32
		{26C8289B-EB69-1647-A845-8B7AFF2AA124}.Release.Build.0 = Release|Win32
		{E856F8E3-C480-B443-9EAB-8DD1DEA1414E}.Debug.ActiveCfg = Debug|Win32
		{E856F8E3-C480-B443-9EAB-8DD1DEA1414E}.Debug.Build.0 = Debug|Win32
		{E856F8E3-C480-B443-9EAB-8DD1DEA1414E}.ReleaseWithSymbols.ActiveCfg = ReleaseWithSymbols|Win32
		{E856F8E3-C480-B443-9EAB-8DD1DEA1414E}.ReleaseWithSymbols.Build.0 = ReleaseWithSymbols|Win32
		{E856F8E3-C480-B443-9EAB-8DD1DEA1414E}.Release.ActiveCfg = Release|Win32
		{E856F8E3-C480-B443-9EAB-8DD1DEA1414E}.Release.Build.0 = Release|Win32
	EndGlobalSection
	GlobalSection(ExtensibilityGlobals) = postSolution
	EndGlobalSection
	GlobalSection(ExtensibilityAddIns) = postSolution
	EndGlobalSection
EndGlobal
