Microsoft Visual Studio Solution File, Format Version 9.00
# Visual Studio 2005
Project("{8BC9CEB8-8B4A-11D0-8D11-00A0C91BC942}") = "osgART", "./osgART.vcproj", "{95284C26-B2DE-1546-B390-6C1C6E3A8FD2}"
	ProjectSection(ProjectDependencies) = postProject
	EndProjectSection
EndProject
Project("{8BC9CEB8-8B4A-11D0-8D11-00A0C91BC942}") = "osgWrapper osgART", "./osgWrapper osgART.vcproj", "{04BBC196-77FF-CB42-B499-3787E7EA8DCA}"
	ProjectSection(ProjectDependencies) = postProject
		{95284C26-B2DE-1546-B390-6C1C6E3A8FD2} = {95284C26-B2DE-1546-B390-6C1C6E3A8FD2}
	EndProjectSection
EndProject
Project("{8BC9CEB8-8B4A-11D0-8D11-00A0C91BC942}") = "NodeKit osgART", "./NodeKit osgART.vcproj", "{C4E2D5DC-8B9E-B84B-A503-9A884B5C111A}"
	ProjectSection(ProjectDependencies) = postProject
		{95284C26-B2DE-1546-B390-6C1C6E3A8FD2} = {95284C26-B2DE-1546-B390-6C1C6E3A8FD2}
	EndProjectSection
EndProject
Project("{8BC9CEB8-8B4A-11D0-8D11-00A0C91BC942}") = "Example Simple", "./Example Simple.vcproj", "{B2AB520F-DF2D-9C4F-9703-35A7B564004D}"
	ProjectSection(ProjectDependencies) = postProject
		{95284C26-B2DE-1546-B390-6C1C6E3A8FD2} = {95284C26-B2DE-1546-B390-6C1C6E3A8FD2}
	EndProjectSection
EndProject
Project("{8BC9CEB8-8B4A-11D0-8D11-00A0C91BC942}") = "Plugin ARToolKit Tracker", "./Plugin ARToolKit Tracker.vcproj", "{4A2E99BF-A0D8-E24C-B58D-DDB6A572FD28}"
	ProjectSection(ProjectDependencies) = postProject
		{95284C26-B2DE-1546-B390-6C1C6E3A8FD2} = {95284C26-B2DE-1546-B390-6C1C6E3A8FD2}
	EndProjectSection
EndProject
Project("{8BC9CEB8-8B4A-11D0-8D11-00A0C91BC942}") = "Plugin ARToolKit 4 Professional Tracker", "./Plugin ARToolKit 4 Professional Tracker.vcproj", "{37A67441-DFAA-7A47-A138-E736B2734D39}"
	ProjectSection(ProjectDependencies) = postProject
		{95284C26-B2DE-1546-B390-6C1C6E3A8FD2} = {95284C26-B2DE-1546-B390-6C1C6E3A8FD2}
	EndProjectSection
EndProject
Project("{8BC9CEB8-8B4A-11D0-8D11-00A0C91BC942}") = "Plugin ARToolKit Plus Tracker", "./Plugin ARToolKit Plus Tracker.vcproj", "{E9E7C181-CEF9-C74A-AF5E-A561DC7A513C}"
	ProjectSection(ProjectDependencies) = postProject
		{95284C26-B2DE-1546-B390-6C1C6E3A8FD2} = {95284C26-B2DE-1546-B390-6C1C6E3A8FD2}
	EndProjectSection
EndProject
Project("{8BC9CEB8-8B4A-11D0-8D11-00A0C91BC942}") = "Plugin ARToolKit 4 NFT Tracker", "./Plugin ARToolKit 4 NFT Tracker.vcproj", "{354C55F9-77BF-A944-B457-01B4DE452ABD}"
	ProjectSection(ProjectDependencies) = postProject
		{95284C26-B2DE-1546-B390-6C1C6E3A8FD2} = {95284C26-B2DE-1546-B390-6C1C6E3A8FD2}
	EndProjectSection
EndProject
Project("{8BC9CEB8-8B4A-11D0-8D11-00A0C91BC942}") = "Plugin PointGrey Video", "./Plugin PointGrey Video.vcproj", "{EDA159E0-0956-2244-9D85-AE6F231FDF2E}"
	ProjectSection(ProjectDependencies) = postProject
		{95284C26-B2DE-1546-B390-6C1C6E3A8FD2} = {95284C26-B2DE-1546-B390-6C1C6E3A8FD2}
	EndProjectSection
EndProject
Project("{8BC9CEB8-8B4A-11D0-8D11-00A0C91BC942}") = "Plugin Intranel RTSP Video", "./Plugin Intranel RTSP Video.vcproj", "{4C0566D1-D468-1048-9F8C-3DCB67F700DB}"
	ProjectSection(ProjectDependencies) = postProject
		{95284C26-B2DE-1546-B390-6C1C6E3A8FD2} = {95284C26-B2DE-1546-B390-6C1C6E3A8FD2}
	EndProjectSection
EndProject
Project("{8BC9CEB8-8B4A-11D0-8D11-00A0C91BC942}") = "Plugin DSVL Video", "./Plugin DSVL Video.vcproj", "{D3665EC8-02F3-0A4F-9625-B16397128EFE}"
	ProjectSection(ProjectDependencies) = postProject
		{95284C26-B2DE-1546-B390-6C1C6E3A8FD2} = {95284C26-B2DE-1546-B390-6C1C6E3A8FD2}
	EndProjectSection
EndProject
Project("{8BC9CEB8-8B4A-11D0-8D11-00A0C91BC942}") = "Plugin DSVL2 Video", "./Plugin DSVL2 Video.vcproj", "{200F4159-6E3A-DE47-90F0-672FC58B6C76}"
	ProjectSection(ProjectDependencies) = postProject
		{95284C26-B2DE-1546-B390-6C1C6E3A8FD2} = {95284C26-B2DE-1546-B390-6C1C6E3A8FD2}
	EndProjectSection
EndProject
Project("{8BC9CEB8-8B4A-11D0-8D11-00A0C91BC942}") = "Plugin ARToolKit Video", "./Plugin ARToolKit Video.vcproj", "{17A7C7D4-7AE4-C34E-B70F-DCE7A5140A0B}"
	ProjectSection(ProjectDependencies) = postProject
		{95284C26-B2DE-1546-B390-6C1C6E3A8FD2} = {95284C26-B2DE-1546-B390-6C1C6E3A8FD2}
	EndProjectSection
EndProject
Global
	GlobalSection(SolutionConfigurationPlatforms) = preSolution
		Debug|Win32 = Debug|Win32
		Release|Win32 = Release|Win32
	EndGlobalSection
	GlobalSection(ProjectConfigurationPlatforms) = postSolution
		{95284C26-B2DE-1546-B390-6C1C6E3A8FD2}.Debug|Win32.ActiveCfg = Debug|Win32
		{95284C26-B2DE-1546-B390-6C1C6E3A8FD2}.Debug|Win32.Build.0 = Debug|Win32
		{95284C26-B2DE-1546-B390-6C1C6E3A8FD2}.Release|Win32.ActiveCfg = Release|Win32
		{95284C26-B2DE-1546-B390-6C1C6E3A8FD2}.Release|Win32.Build.0 = Release|Win32
		{04BBC196-77FF-CB42-B499-3787E7EA8DCA}.Debug|Win32.ActiveCfg = Debug|Win32
		{04BBC196-77FF-CB42-B499-3787E7EA8DCA}.Debug|Win32.Build.0 = Debug|Win32
		{04BBC196-77FF-CB42-B499-3787E7EA8DCA}.Release|Win32.ActiveCfg = Release|Win32
		{04BBC196-77FF-CB42-B499-3787E7EA8DCA}.Release|Win32.Build.0 = Release|Win32
		{C4E2D5DC-8B9E-B84B-A503-9A884B5C111A}.Debug|Win32.ActiveCfg = Debug|Win32
		{C4E2D5DC-8B9E-B84B-A503-9A884B5C111A}.Debug|Win32.Build.0 = Debug|Win32
		{C4E2D5DC-8B9E-B84B-A503-9A884B5C111A}.Release|Win32.ActiveCfg = Release|Win32
		{C4E2D5DC-8B9E-B84B-A503-9A884B5C111A}.Release|Win32.Build.0 = Release|Win32
		{B2AB520F-DF2D-9C4F-9703-35A7B564004D}.Debug|Win32.ActiveCfg = Debug|Win32
		{B2AB520F-DF2D-9C4F-9703-35A7B564004D}.Debug|Win32.Build.0 = Debug|Win32
		{B2AB520F-DF2D-9C4F-9703-35A7B564004D}.Release|Win32.ActiveCfg = Release|Win32
		{B2AB520F-DF2D-9C4F-9703-35A7B564004D}.Release|Win32.Build.0 = Release|Win32
		{4A2E99BF-A0D8-E24C-B58D-DDB6A572FD28}.Debug|Win32.ActiveCfg = Debug|Win32
		{4A2E99BF-A0D8-E24C-B58D-DDB6A572FD28}.Debug|Win32.Build.0 = Debug|Win32
		{4A2E99BF-A0D8-E24C-B58D-DDB6A572FD28}.Release|Win32.ActiveCfg = Release|Win32
		{4A2E99BF-A0D8-E24C-B58D-DDB6A572FD28}.Release|Win32.Build.0 = Release|Win32
		{37A67441-DFAA-7A47-A138-E736B2734D39}.Debug|Win32.ActiveCfg = Debug|Win32
		{37A67441-DFAA-7A47-A138-E736B2734D39}.Debug|Win32.Build.0 = Debug|Win32
		{37A67441-DFAA-7A47-A138-E736B2734D39}.Release|Win32.ActiveCfg = Release|Win32
		{37A67441-DFAA-7A47-A138-E736B2734D39}.Release|Win32.Build.0 = Release|Win32
		{E9E7C181-CEF9-C74A-AF5E-A561DC7A513C}.Debug|Win32.ActiveCfg = Debug|Win32
		{E9E7C181-CEF9-C74A-AF5E-A561DC7A513C}.Debug|Win32.Build.0 = Debug|Win32
		{E9E7C181-CEF9-C74A-AF5E-A561DC7A513C}.Release|Win32.ActiveCfg = Release|Win32
		{E9E7C181-CEF9-C74A-AF5E-A561DC7A513C}.Release|Win32.Build.0 = Release|Win32
		{354C55F9-77BF-A944-B457-01B4DE452ABD}.Debug|Win32.ActiveCfg = Debug|Win32
		{354C55F9-77BF-A944-B457-01B4DE452ABD}.Debug|Win32.Build.0 = Debug|Win32
		{354C55F9-77BF-A944-B457-01B4DE452ABD}.Release|Win32.ActiveCfg = Release|Win32
		{354C55F9-77BF-A944-B457-01B4DE452ABD}.Release|Win32.Build.0 = Release|Win32
		{EDA159E0-0956-2244-9D85-AE6F231FDF2E}.Debug|Win32.ActiveCfg = Debug|Win32
		{EDA159E0-0956-2244-9D85-AE6F231FDF2E}.Debug|Win32.Build.0 = Debug|Win32
		{EDA159E0-0956-2244-9D85-AE6F231FDF2E}.Release|Win32.ActiveCfg = Release|Win32
		{EDA159E0-0956-2244-9D85-AE6F231FDF2E}.Release|Win32.Build.0 = Release|Win32
		{4C0566D1-D468-1048-9F8C-3DCB67F700DB}.Debug|Win32.ActiveCfg = Debug|Win32
		{4C0566D1-D468-1048-9F8C-3DCB67F700DB}.Debug|Win32.Build.0 = Debug|Win32
		{4C0566D1-D468-1048-9F8C-3DCB67F700DB}.Release|Win32.ActiveCfg = Release|Win32
		{4C0566D1-D468-1048-9F8C-3DCB67F700DB}.Release|Win32.Build.0 = Release|Win32
		{D3665EC8-02F3-0A4F-9625-B16397128EFE}.Debug|Win32.ActiveCfg = Debug|Win32
		{D3665EC8-02F3-0A4F-9625-B16397128EFE}.Debug|Win32.Build.0 = Debug|Win32
		{D3665EC8-02F3-0A4F-9625-B16397128EFE}.Release|Win32.ActiveCfg = Release|Win32
		{D3665EC8-02F3-0A4F-9625-B16397128EFE}.Release|Win32.Build.0 = Release|Win32
		{200F4159-6E3A-DE47-90F0-672FC58B6C76}.Debug|Win32.ActiveCfg = Debug|Win32
		{200F4159-6E3A-DE47-90F0-672FC58B6C76}.Debug|Win32.Build.0 = Debug|Win32
		{200F4159-6E3A-DE47-90F0-672FC58B6C76}.Release|Win32.ActiveCfg = Release|Win32
		{200F4159-6E3A-DE47-90F0-672FC58B6C76}.Release|Win32.Build.0 = Release|Win32
		{17A7C7D4-7AE4-C34E-B70F-DCE7A5140A0B}.Debug|Win32.ActiveCfg = Debug|Win32
		{17A7C7D4-7AE4-C34E-B70F-DCE7A5140A0B}.Debug|Win32.Build.0 = Debug|Win32
		{17A7C7D4-7AE4-C34E-B70F-DCE7A5140A0B}.Release|Win32.ActiveCfg = Release|Win32
		{17A7C7D4-7AE4-C34E-B70F-DCE7A5140A0B}.Release|Win32.Build.0 = Release|Win32
	EndGlobalSection
	GlobalSection(SolutionProperties) = preSolution
		HideSolutionNode = FALSE
	EndGlobalSection
EndGlobal
