Microsoft Visual Studio Solution File, Format Version 9.00
# Visual Studio 2005
Project("{8BC9CEB8-8B4A-11D0-8D11-00A0C91BC942}") = "osgART", "./osgART.vcproj", "{11022F17-8CE3-1D43-A403-5C93117B9946}"
	ProjectSection(ProjectDependencies) = postProject
	EndProjectSection
EndProject
Project("{8BC9CEB8-8B4A-11D0-8D11-00A0C91BC942}") = "osgWrapper osgART", "./osgWrapper osgART.vcproj", "{113E32DD-68CD-4840-B78C-EDE7A958DB63}"
	ProjectSection(ProjectDependencies) = postProject
		{11022F17-8CE3-1D43-A403-5C93117B9946} = {11022F17-8CE3-1D43-A403-5C93117B9946}
	EndProjectSection
EndProject
Project("{8BC9CEB8-8B4A-11D0-8D11-00A0C91BC942}") = "Example Simple", "./Example Simple.vcproj", "{2D715DA3-DDAF-0946-A0B9-576A42746A37}"
	ProjectSection(ProjectDependencies) = postProject
		{11022F17-8CE3-1D43-A403-5C93117B9946} = {11022F17-8CE3-1D43-A403-5C93117B9946}
	EndProjectSection
EndProject
Project("{8BC9CEB8-8B4A-11D0-8D11-00A0C91BC942}") = "Plugin ARToolKit Tracker", "./Plugin ARToolKit Tracker.vcproj", "{F40D05A6-6B27-864E-AB9F-7D2AE57BC2C3}"
	ProjectSection(ProjectDependencies) = postProject
		{11022F17-8CE3-1D43-A403-5C93117B9946} = {11022F17-8CE3-1D43-A403-5C93117B9946}
	EndProjectSection
EndProject
Project("{8BC9CEB8-8B4A-11D0-8D11-00A0C91BC942}") = "Plugin ARToolKit 4 Professional Tracker", "./Plugin ARToolKit 4 Professional Tracker.vcproj", "{4A5800B0-18D3-7F48-A3AB-EA842AA43B73}"
	ProjectSection(ProjectDependencies) = postProject
		{11022F17-8CE3-1D43-A403-5C93117B9946} = {11022F17-8CE3-1D43-A403-5C93117B9946}
	EndProjectSection
EndProject
Project("{8BC9CEB8-8B4A-11D0-8D11-00A0C91BC942}") = "Plugin ARToolKit 4 NFT Tracker", "./Plugin ARToolKit 4 NFT Tracker.vcproj", "{2A4D08DB-4828-3844-8B6E-713CDA0AA877}"
	ProjectSection(ProjectDependencies) = postProject
		{11022F17-8CE3-1D43-A403-5C93117B9946} = {11022F17-8CE3-1D43-A403-5C93117B9946}
	EndProjectSection
EndProject
Project("{8BC9CEB8-8B4A-11D0-8D11-00A0C91BC942}") = "Plugin PointGrey Video", "./Plugin PointGrey Video.vcproj", "{14CE6290-0C95-8444-A9AD-C092A6482701}"
	ProjectSection(ProjectDependencies) = postProject
		{11022F17-8CE3-1D43-A403-5C93117B9946} = {11022F17-8CE3-1D43-A403-5C93117B9946}
	EndProjectSection
EndProject
Project("{8BC9CEB8-8B4A-11D0-8D11-00A0C91BC942}") = "Plugin Intranel RTSP Video", "./Plugin Intranel RTSP Video.vcproj", "{79C5D900-A665-1545-BDE3-8B8C0119F6E2}"
	ProjectSection(ProjectDependencies) = postProject
		{11022F17-8CE3-1D43-A403-5C93117B9946} = {11022F17-8CE3-1D43-A403-5C93117B9946}
	EndProjectSection
EndProject
Project("{8BC9CEB8-8B4A-11D0-8D11-00A0C91BC942}") = "Plugin ARToolKit Video", "./Plugin ARToolKit Video.vcproj", "{4D68417B-DDD5-294D-A938-1C454DA61BF9}"
	ProjectSection(ProjectDependencies) = postProject
		{11022F17-8CE3-1D43-A403-5C93117B9946} = {11022F17-8CE3-1D43-A403-5C93117B9946}
	EndProjectSection
EndProject
Global
	GlobalSection(SolutionConfigurationPlatforms) = preSolution
		Debug|Win32 = Debug|Win32
		ReleaseWithSymbols|Win32 = ReleaseWithSymbols|Win32
		Release|Win32 = Release|Win32
	EndGlobalSection
	GlobalSection(ProjectConfigurationPlatforms) = postSolution
		{11022F17-8CE3-1D43-A403-5C93117B9946}.Debug|Win32.ActiveCfg = Debug|Win32
		{11022F17-8CE3-1D43-A403-5C93117B9946}.Debug|Win32.Build.0 = Debug|Win32
		{11022F17-8CE3-1D43-A403-5C93117B9946}.ReleaseWithSymbols|Win32.ActiveCfg = ReleaseWithSymbols|Win32
		{11022F17-8CE3-1D43-A403-5C93117B9946}.ReleaseWithSymbols|Win32.Build.0 = ReleaseWithSymbols|Win32
		{11022F17-8CE3-1D43-A403-5C93117B9946}.Release|Win32.ActiveCfg = Release|Win32
		{11022F17-8CE3-1D43-A403-5C93117B9946}.Release|Win32.Build.0 = Release|Win32
		{113E32DD-68CD-4840-B78C-EDE7A958DB63}.Debug|Win32.ActiveCfg = Debug|Win32
		{113E32DD-68CD-4840-B78C-EDE7A958DB63}.Debug|Win32.Build.0 = Debug|Win32
		{113E32DD-68CD-4840-B78C-EDE7A958DB63}.ReleaseWithSymbols|Win32.ActiveCfg = ReleaseWithSymbols|Win32
		{113E32DD-68CD-4840-B78C-EDE7A958DB63}.ReleaseWithSymbols|Win32.Build.0 = ReleaseWithSymbols|Win32
		{113E32DD-68CD-4840-B78C-EDE7A958DB63}.Release|Win32.ActiveCfg = Release|Win32
		{113E32DD-68CD-4840-B78C-EDE7A958DB63}.Release|Win32.Build.0 = Release|Win32
		{2D715DA3-DDAF-0946-A0B9-576A42746A37}.Debug|Win32.ActiveCfg = Debug|Win32
		{2D715DA3-DDAF-0946-A0B9-576A42746A37}.Debug|Win32.Build.0 = Debug|Win32
		{2D715DA3-DDAF-0946-A0B9-576A42746A37}.ReleaseWithSymbols|Win32.ActiveCfg = ReleaseWithSymbols|Win32
		{2D715DA3-DDAF-0946-A0B9-576A42746A37}.ReleaseWithSymbols|Win32.Build.0 = ReleaseWithSymbols|Win32
		{2D715DA3-DDAF-0946-A0B9-576A42746A37}.Release|Win32.ActiveCfg = Release|Win32
		{2D715DA3-DDAF-0946-A0B9-576A42746A37}.Release|Win32.Build.0 = Release|Win32
		{F40D05A6-6B27-864E-AB9F-7D2AE57BC2C3}.Debug|Win32.ActiveCfg = Debug|Win32
		{F40D05A6-6B27-864E-AB9F-7D2AE57BC2C3}.Debug|Win32.Build.0 = Debug|Win32
		{F40D05A6-6B27-864E-AB9F-7D2AE57BC2C3}.ReleaseWithSymbols|Win32.ActiveCfg = ReleaseWithSymbols|Win32
		{F40D05A6-6B27-864E-AB9F-7D2AE57BC2C3}.ReleaseWithSymbols|Win32.Build.0 = ReleaseWithSymbols|Win32
		{F40D05A6-6B27-864E-AB9F-7D2AE57BC2C3}.Release|Win32.ActiveCfg = Release|Win32
		{F40D05A6-6B27-864E-AB9F-7D2AE57BC2C3}.Release|Win32.Build.0 = Release|Win32
		{4A5800B0-18D3-7F48-A3AB-EA842AA43B73}.Debug|Win32.ActiveCfg = Debug|Win32
		{4A5800B0-18D3-7F48-A3AB-EA842AA43B73}.Debug|Win32.Build.0 = Debug|Win32
		{4A5800B0-18D3-7F48-A3AB-EA842AA43B73}.ReleaseWithSymbols|Win32.ActiveCfg = ReleaseWithSymbols|Win32
		{4A5800B0-18D3-7F48-A3AB-EA842AA43B73}.ReleaseWithSymbols|Win32.Build.0 = ReleaseWithSymbols|Win32
		{4A5800B0-18D3-7F48-A3AB-EA842AA43B73}.Release|Win32.ActiveCfg = Release|Win32
		{4A5800B0-18D3-7F48-A3AB-EA842AA43B73}.Release|Win32.Build.0 = Release|Win32
		{2A4D08DB-4828-3844-8B6E-713CDA0AA877}.Debug|Win32.ActiveCfg = Debug|Win32
		{2A4D08DB-4828-3844-8B6E-713CDA0AA877}.Debug|Win32.Build.0 = Debug|Win32
		{2A4D08DB-4828-3844-8B6E-713CDA0AA877}.ReleaseWithSymbols|Win32.ActiveCfg = ReleaseWithSymbols|Win32
		{2A4D08DB-4828-3844-8B6E-713CDA0AA877}.ReleaseWithSymbols|Win32.Build.0 = ReleaseWithSymbols|Win32
		{2A4D08DB-4828-3844-8B6E-713CDA0AA877}.Release|Win32.ActiveCfg = Release|Win32
		{2A4D08DB-4828-3844-8B6E-713CDA0AA877}.Release|Win32.Build.0 = Release|Win32
		{14CE6290-0C95-8444-A9AD-C092A6482701}.Debug|Win32.ActiveCfg = Debug|Win32
		{14CE6290-0C95-8444-A9AD-C092A6482701}.Debug|Win32.Build.0 = Debug|Win32
		{14CE6290-0C95-8444-A9AD-C092A6482701}.ReleaseWithSymbols|Win32.ActiveCfg = ReleaseWithSymbols|Win32
		{14CE6290-0C95-8444-A9AD-C092A6482701}.ReleaseWithSymbols|Win32.Build.0 = ReleaseWithSymbols|Win32
		{14CE6290-0C95-8444-A9AD-C092A6482701}.Release|Win32.ActiveCfg = Release|Win32
		{14CE6290-0C95-8444-A9AD-C092A6482701}.Release|Win32.Build.0 = Release|Win32
		{79C5D900-A665-1545-BDE3-8B8C0119F6E2}.Debug|Win32.ActiveCfg = Debug|Win32
		{79C5D900-A665-1545-BDE3-8B8C0119F6E2}.Debug|Win32.Build.0 = Debug|Win32
		{79C5D900-A665-1545-BDE3-8B8C0119F6E2}.ReleaseWithSymbols|Win32.ActiveCfg = ReleaseWithSymbols|Win32
		{79C5D900-A665-1545-BDE3-8B8C0119F6E2}.ReleaseWithSymbols|Win32.Build.0 = ReleaseWithSymbols|Win32
		{79C5D900-A665-1545-BDE3-8B8C0119F6E2}.Release|Win32.ActiveCfg = Release|Win32
		{79C5D900-A665-1545-BDE3-8B8C0119F6E2}.Release|Win32.Build.0 = Release|Win32
		{4D68417B-DDD5-294D-A938-1C454DA61BF9}.Debug|Win32.ActiveCfg = Debug|Win32
		{4D68417B-DDD5-294D-A938-1C454DA61BF9}.Debug|Win32.Build.0 = Debug|Win32
		{4D68417B-DDD5-294D-A938-1C454DA61BF9}.ReleaseWithSymbols|Win32.ActiveCfg = ReleaseWithSymbols|Win32
		{4D68417B-DDD5-294D-A938-1C454DA61BF9}.ReleaseWithSymbols|Win32.Build.0 = ReleaseWithSymbols|Win32
		{4D68417B-DDD5-294D-A938-1C454DA61BF9}.Release|Win32.ActiveCfg = Release|Win32
		{4D68417B-DDD5-294D-A938-1C454DA61BF9}.Release|Win32.Build.0 = Release|Win32
	EndGlobalSection
	GlobalSection(SolutionProperties) = preSolution
		HideSolutionNode = FALSE
	EndGlobalSection
EndGlobal
