Microsoft Visual Studio Solution File, Format Version 9.00
# Visual Studio 2005
Project("{8BC9CEB8-8B4A-11D0-8D11-00A0C91BC942}") = "osgART", "osgART.VS8.vcproj", "{9FF3836F-BFC1-4C40-A96A-500ECC88440C}"
EndProject
Project("{8BC9CEB8-8B4A-11D0-8D11-00A0C91BC942}") = "Example", "..\Example\Example.VS8.vcproj", "{3F5F35C3-D9BA-45E1-BDC6-9FBB20BF31EB}"
EndProject
Global
	GlobalSection(SolutionConfigurationPlatforms) = preSolution
		Debug|Win32 = Debug|Win32
		Release|Win32 = Release|Win32
	EndGlobalSection
	GlobalSection(ProjectConfigurationPlatforms) = postSolution
		{9FF3836F-BFC1-4C40-A96A-500ECC88440C}.Debug|Win32.ActiveCfg = Debug|Win32
		{9FF3836F-BFC1-4C40-A96A-500ECC88440C}.Debug|Win32.Build.0 = Debug|Win32
		{9FF3836F-BFC1-4C40-A96A-500ECC88440C}.Release|Win32.ActiveCfg = Release|Win32
		{9FF3836F-BFC1-4C40-A96A-500ECC88440C}.Release|Win32.Build.0 = Release|Win32
		{3F5F35C3-D9BA-45E1-BDC6-9FBB20BF31EB}.Debug|Win32.ActiveCfg = Debug|Win32
		{3F5F35C3-D9BA-45E1-BDC6-9FBB20BF31EB}.Debug|Win32.Build.0 = Debug|Win32
		{3F5F35C3-D9BA-45E1-BDC6-9FBB20BF31EB}.Release|Win32.ActiveCfg = Release|Win32
		{3F5F35C3-D9BA-45E1-BDC6-9FBB20BF31EB}.Release|Win32.Build.0 = Release|Win32
	EndGlobalSection
	GlobalSection(SolutionProperties) = preSolution
		HideSolutionNode = FALSE
	EndGlobalSection
EndGlobal
