Microsoft Visual Studio Solution File, Format Version 8.00
Project("{8BC9CEB8-8B4A-11D0-8D11-00A0C91BC942}") = "osgART", "osgART.vcproj", "{9FF3836F-BFC1-4C40-A96A-500ECC88440C}"
	ProjectSection(ProjectDependencies) = postProject
	EndProjectSection
EndProject
Project("{8BC9CEB8-8B4A-11D0-8D11-00A0C91BC942}") = "Example", "..\Example\Example_vc71.vcproj", "{3F5F35C3-D9BA-45E1-BDC6-9FBB20BF31EB}"
	ProjectSection(ProjectDependencies) = postProject
		{9FF3836F-BFC1-4C40-A96A-500ECC88440C} = {9FF3836F-BFC1-4C40-A96A-500ECC88440C}
	EndProjectSection
EndProject
Project("{8BC9CEB8-8B4A-11D0-8D11-00A0C91BC942}") = "osgart_dsvl", "..\osgart_dsvl\osgart_dsvl.vcproj", "{076A3DF8-75F0-485C-887C-4487AFD8F057}"
	ProjectSection(ProjectDependencies) = postProject
	EndProjectSection
EndProject
Project("{8BC9CEB8-8B4A-11D0-8D11-00A0C91BC942}") = "osgart_artoolkit", "..\osgart_artoolkit\osgart_artoolkit.vcproj", "{076A3DF8-75F0-485C-887C-4487AFD8F057}"
	ProjectSection(ProjectDependencies) = postProject
	EndProjectSection
EndProject
Project("{8BC9CEB8-8B4A-11D0-8D11-00A0C91BC942}") = "osgart_intranel", "..\osgart_intranel\osgart_intranel.vcproj", "{076A3DF8-75F0-485C-887C-4487AFD8F057}"
	ProjectSection(ProjectDependencies) = postProject
	EndProjectSection
EndProject
Project("{8BC9CEB8-8B4A-11D0-8D11-00A0C91BC942}") = "osgart_dsvl2", "..\osgart_dsvl2\osgart_dsvl2.vcproj", "{076A3DF8-75F0-485C-887C-4487AFD8F057}"
	ProjectSection(ProjectDependencies) = postProject
	EndProjectSection
EndProject
Project("{8BC9CEB8-8B4A-11D0-8D11-00A0C91BC942}") = "osgart_dummyimage", "..\osgart_dummyimage\osgart_dummyimage.vcproj", "{076A3DF8-75F0-485C-887C-4487AFD8F057}"
	ProjectSection(ProjectDependencies) = postProject
	EndProjectSection
EndProject
Project("{8BC9CEB8-8B4A-11D0-8D11-00A0C91BC942}") = "osgart_ptgrey", "..\osgart_ptgrey\osgart_ptgrey.vcproj", "{076A3DF8-75F0-485C-887C-4487AFD8F057}"
	ProjectSection(ProjectDependencies) = postProject
	EndProjectSection
EndProject
Project("{8BC9CEB8-8B4A-11D0-8D11-00A0C91BC942}") = "osgart_videoWrapper", "..\osgart_videowrapper\osgart_videowrapper.vcproj", "{076A3DF8-75F0-485C-887C-4487AFD8F057}"
	ProjectSection(ProjectDependencies) = postProject
	EndProjectSection
EndProject
Project("{8BC9CEB8-8B4A-11D0-8D11-00A0C91BC942}") = "osgart_vidCapture", "..\osgart_vidcapture\osgart_vidcapture.vcproj", "{076A3DF8-75F0-485C-887C-4487AFD8F057}"
	ProjectSection(ProjectDependencies) = postProject
	EndProjectSection
EndProject
Project("{8BC9CEB8-8B4A-11D0-8D11-00A0C91BC942}") = "osgart_videoSource", "..\osgart_videosource\osgart_videosource.vcproj", "{076A3DF8-75F0-485C-887C-4487AFD8F057}"
	ProjectSection(ProjectDependencies) = postProject
	EndProjectSection
EndProject
Project("{8BC9CEB8-8B4A-11D0-8D11-00A0C91BC942}") = "osgart_CVCam", "..\osgart_cvcam\osgart_cvcam.vcproj", "{076A3DF8-75F0-485C-887C-4487AFD8F057}"
	ProjectSection(ProjectDependencies) = postProject
	EndProjectSection
EndProject
Project("{8BC9CEB8-8B4A-11D0-8D11-00A0C91BC942}") = "osgart_artoolkit_tracker", "..\osgart_artoolkit_tracker\osgart_artoolkit_tracker.vcproj", "{076A3DF8-75F0-485C-887C-4487AFD8F057}"
	ProjectSection(ProjectDependencies) = postProject
	EndProjectSection
EndProject
Project("{8BC9CEB8-8B4A-11D0-8D11-00A0C91BC942}") = "osgart_artoolkit4nft_tracker", "..\osgart_artoolkit4NFT_tracker\osgart_artoolkit4nft_tracker.vcproj", "{076A3DF8-75F0-485C-887C-4487AFD8F057}"
	ProjectSection(ProjectDependencies) = postProject
	EndProjectSection
EndProject
Project("{8BC9CEB8-8B4A-11D0-8D11-00A0C91BC942}") = "osgwrapper_osgART", "..\osgwrapper_osgART\osgwrapper_osgART.vcproj", "{9FF3836F-BFC1-4C40-A96A-500ECC88440C}"
	ProjectSection(ProjectDependencies) = postProject
		{9FF3836F-BFC1-4C40-A96A-500ECC88440C} = {9FF3836F-BFC1-4C40-A96A-500ECC88440C}
	EndProjectSection
EndProject
Global
	GlobalSection(SolutionConfiguration) = preSolution
		Debug = Debug
		Release = Release
	EndGlobalSection
	GlobalSection(ProjectDependencies) = postSolution
	EndGlobalSection
	GlobalSection(ProjectConfiguration) = postSolution
		{9FF3836F-BFC1-4C40-A96A-500ECC88440C}.Debug.ActiveCfg = Debug|Win32
		{9FF3836F-BFC1-4C40-A96A-500ECC88440C}.Debug.Build.0 = Debug|Win32
		{9FF3836F-BFC1-4C40-A96A-500ECC88440C}.Release.ActiveCfg = Release|Win32
		{9FF3836F-BFC1-4C40-A96A-500ECC88440C}.Release.Build.0 = Release|Win32
		{3F5F35C3-D9BA-45E1-BDC6-9FBB20BF31EB}.Debug.ActiveCfg = Debug|Win32
		{3F5F35C3-D9BA-45E1-BDC6-9FBB20BF31EB}.Debug.Build.0 = Debug|Win32
		{3F5F35C3-D9BA-45E1-BDC6-9FBB20BF31EB}.Release.ActiveCfg = Release|Win32
		{3F5F35C3-D9BA-45E1-BDC6-9FBB20BF31EB}.Release.Build.0 = Release|Win32
		{076A3DF8-75F0-485C-887C-4487AFD8F057}.Debug.ActiveCfg = Debug|Win32
		{076A3DF8-75F0-485C-887C-4487AFD8F057}.Debug.Build.0 = Debug|Win32
		{076A3DF8-75F0-485C-887C-4487AFD8F057}.Release.ActiveCfg = Release|Win32
		{076A3DF8-75F0-485C-887C-4487AFD8F057}.Release.Build.0 = Release|Win32
		{076A3DF8-75F0-485C-887C-4487AFD8F057}.Debug.ActiveCfg = Debug|Win32
		{076A3DF8-75F0-485C-887C-4487AFD8F057}.Debug.Build.0 = Debug|Win32
		{076A3DF8-75F0-485C-887C-4487AFD8F057}.Release.ActiveCfg = Release|Win32
		{076A3DF8-75F0-485C-887C-4487AFD8F057}.Release.Build.0 = Release|Win32
		{076A3DF8-75F0-485C-887C-4487AFD8F057}.Debug.ActiveCfg = Debug|Win32
		{076A3DF8-75F0-485C-887C-4487AFD8F057}.Debug.Build.0 = Debug|Win32
		{076A3DF8-75F0-485C-887C-4487AFD8F057}.Release.ActiveCfg = Release|Win32
		{076A3DF8-75F0-485C-887C-4487AFD8F057}.Release.Build.0 = Release|Win32
		{076A3DF8-75F0-485C-887C-4487AFD8F057}.Debug.ActiveCfg = Debug|Win32
		{076A3DF8-75F0-485C-887C-4487AFD8F057}.Debug.Build.0 = Debug|Win32
		{076A3DF8-75F0-485C-887C-4487AFD8F057}.Release.ActiveCfg = Release|Win32
		{076A3DF8-75F0-485C-887C-4487AFD8F057}.Release.Build.0 = Release|Win32
		{076A3DF8-75F0-485C-887C-4487AFD8F057}.Debug.ActiveCfg = Debug|Win32
		{076A3DF8-75F0-485C-887C-4487AFD8F057}.Debug.Build.0 = Debug|Win32
		{076A3DF8-75F0-485C-887C-4487AFD8F057}.Release.ActiveCfg = Release|Win32
		{076A3DF8-75F0-485C-887C-4487AFD8F057}.Release.Build.0 = Release|Win32
		{076A3DF8-75F0-485C-887C-4487AFD8F057}.Debug.ActiveCfg = Debug|Win32
		{076A3DF8-75F0-485C-887C-4487AFD8F057}.Debug.Build.0 = Debug|Win32
		{076A3DF8-75F0-485C-887C-4487AFD8F057}.Release.ActiveCfg = Release|Win32
		{076A3DF8-75F0-485C-887C-4487AFD8F057}.Release.Build.0 = Release|Win32
		{076A3DF8-75F0-485C-887C-4487AFD8F057}.Debug.ActiveCfg = Debug|Win32
		{076A3DF8-75F0-485C-887C-4487AFD8F057}.Debug.Build.0 = Debug|Win32
		{076A3DF8-75F0-485C-887C-4487AFD8F057}.Release.ActiveCfg = Release|Win32
		{076A3DF8-75F0-485C-887C-4487AFD8F057}.Release.Build.0 = Release|Win32
		{076A3DF8-75F0-485C-887C-4487AFD8F057}.Debug.ActiveCfg = Debug|Win32
		{076A3DF8-75F0-485C-887C-4487AFD8F057}.Debug.Build.0 = Debug|Win32
		{076A3DF8-75F0-485C-887C-4487AFD8F057}.Release.ActiveCfg = Release|Win32
		{076A3DF8-75F0-485C-887C-4487AFD8F057}.Release.Build.0 = Release|Win32
		{076A3DF8-75F0-485C-887C-4487AFD8F057}.Debug.ActiveCfg = Debug|Win32
		{076A3DF8-75F0-485C-887C-4487AFD8F057}.Debug.Build.0 = Debug|Win32
		{076A3DF8-75F0-485C-887C-4487AFD8F057}.Release.ActiveCfg = Release|Win32
		{076A3DF8-75F0-485C-887C-4487AFD8F057}.Release.Build.0 = Release|Win32
		{076A3DF8-75F0-485C-887C-4487AFD8F057}.Debug.ActiveCfg = Debug|Win32
		{076A3DF8-75F0-485C-887C-4487AFD8F057}.Debug.Build.0 = Debug|Win32
		{076A3DF8-75F0-485C-887C-4487AFD8F057}.Release.ActiveCfg = Release|Win32
		{076A3DF8-75F0-485C-887C-4487AFD8F057}.Release.Build.0 = Release|Win32
		{076A3DF8-75F0-485C-887C-4487AFD8F057}.Debug.ActiveCfg = Debug|Win32
		{076A3DF8-75F0-485C-887C-4487AFD8F057}.Debug.Build.0 = Debug|Win32
		{076A3DF8-75F0-485C-887C-4487AFD8F057}.Release.ActiveCfg = Release|Win32
		{076A3DF8-75F0-485C-887C-4487AFD8F057}.Release.Build.0 = Release|Win32
		{076A3DF8-75F0-485C-887C-4487AFD8F057}.Debug.ActiveCfg = Debug|Win32
		{076A3DF8-75F0-485C-887C-4487AFD8F057}.Debug.Build.0 = Debug|Win32
		{076A3DF8-75F0-485C-887C-4487AFD8F057}.Release.ActiveCfg = Release|Win32
		{076A3DF8-75F0-485C-887C-4487AFD8F057}.Release.Build.0 = Release|Win32
		{9FF3836F-BFC1-4C40-A96A-500ECC88440C}.Debug.ActiveCfg = Debug|Win32
		{9FF3836F-BFC1-4C40-A96A-500ECC88440C}.Debug.Build.0 = Debug|Win32
		{9FF3836F-BFC1-4C40-A96A-500ECC88440C}.Release.ActiveCfg = Release|Win32
		{9FF3836F-BFC1-4C40-A96A-500ECC88440C}.Release.Build.0 = Release|Win32
	EndGlobalSection
	GlobalSection(ExtensibilityGlobals) = postSolution
	EndGlobalSection
	GlobalSection(ExtensibilityAddIns) = postSolution
	EndGlobalSection
EndGlobal
